// !$*UTF8*$!
{
	archiveVersion = 1;
	classes = {
	};
	objectVersion = 56;
	objects = {

/* Begin PBXBuildFile section */
		001A0F1D2ACF0E5500E82380 /* DetailScroll.swift in Sources */ = {isa = PBXBuildFile; fileRef = 001A0F1C2ACF0E5500E82380 /* DetailScroll.swift */; };
		001A0F1F2ACF0ECC00E82380 /* MainView.swift in Sources */ = {isa = PBXBuildFile; fileRef = 001A0F1E2ACF0ECC00E82380 /* MainView.swift */; };
		009B94AC2ACDB71B00F73490 /* FashionAppApp.swift in Sources */ = {isa = PBXBuildFile; fileRef = 009B94AB2ACDB71B00F73490 /* FashionAppApp.swift */; };
		009B94AE2ACDB71B00F73490 /* ContentView.swift in Sources */ = {isa = PBXBuildFile; fileRef = 009B94AD2ACDB71B00F73490 /* ContentView.swift */; };
		009B94B02ACDB71C00F73490 /* Assets.xcassets in Resources */ = {isa = PBXBuildFile; fileRef = 009B94AF2ACDB71C00F73490 /* Assets.xcassets */; };
		009B94B32ACDB71C00F73490 /* Preview Assets.xcassets in Resources */ = {isa = PBXBuildFile; fileRef = 009B94B22ACDB71C00F73490 /* Preview Assets.xcassets */; };
		009B94BB2ACDCAB400F73490 /* FashionModels.swift in Sources */ = {isa = PBXBuildFile; fileRef = 009B94BA2ACDCAB400F73490 /* FashionModels.swift */; };
		00C1E3B32AD02654006D6B5E /* DetailView.swift in Sources */ = {isa = PBXBuildFile; fileRef = 00C1E3B22AD02654006D6B5E /* DetailView.swift */; };
/* End PBXBuildFile section */

/* Begin PBXFileReference section */
		001A0F1C2ACF0E5500E82380 /* DetailScroll.swift */ = {isa = PBXFileReference; lastKnownFileType = sourcecode.swift; path = DetailScroll.swift; sourceTree = "<group>"; };
		001A0F1E2ACF0ECC00E82380 /* MainView.swift */ = {isa = PBXFileReference; lastKnownFileType = sourcecode.swift; path = MainView.swift; sourceTree = "<group>"; };
		009B94A82ACDB71B00F73490 /* FashionApp.app */ = {isa = PBXFileReference; explicitFileType = wrapper.application; includeInIndex = 0; path = FashionApp.app; sourceTree = BUILT_PRODUCTS_DIR; };
		009B94AB2ACDB71B00F73490 /* FashionAppApp.swift */ = {isa = PBXFileReference; lastKnownFileType = sourcecode.swift; path = FashionAppApp.swift; sourceTree = "<group>"; };
		009B94AD2ACDB71B00F73490 /* ContentView.swift */ = {isa = PBXFileReference; lastKnownFileType = sourcecode.swift; path = ContentView.swift; sourceTree = "<group>"; };
		009B94AF2ACDB71C00F73490 /* Assets.xcassets */ = {isa = PBXFileReference; lastKnownFileType = folder.assetcatalog; path = Assets.xcassets; sourceTree = "<group>"; };
		009B94B22ACDB71C00F73490 /* Preview Assets.xcassets */ = {isa = PBXFileReference; lastKnownFileType = folder.assetcatalog; path = "Preview Assets.xcassets"; sourceTree = "<group>"; };
		009B94BA2ACDCAB400F73490 /* FashionModels.swift */ = {isa = PBXFileReference; lastKnownFileType = sourcecode.swift; path = FashionModels.swift; sourceTree = "<group>"; };
		00C1E3B22AD02654006D6B5E /* DetailView.swift */ = {isa = PBXFileReference; lastKnownFileType = sourcecode.swift; path = DetailView.swift; sourceTree = "<group>"; };
/* End PBXFileReference section */

/* Begin PBXFrameworksBuildPhase section */
		009B94A52ACDB71B00F73490 /* Frameworks */ = {
			isa = PBXFrameworksBuildPhase;
			buildActionMask = 2147483647;
			files = (
			);
			runOnlyForDeploymentPostprocessing = 0;
		};
/* End PBXFrameworksBuildPhase section */

/* Begin PBXGroup section */
		009B949F2ACDB71B00F73490 = {
			isa = PBXGroup;
			children = (
				009B94AA2ACDB71B00F73490 /* FashionApp */,
				009B94A92ACDB71B00F73490 /* Products */,
			);
			sourceTree = "<group>";
		};
		009B94A92ACDB71B00F73490 /* Products */ = {
			isa = PBXGroup;
			children = (
				009B94A82ACDB71B00F73490 /* FashionApp.app */,
			);
			name = Products;
			sourceTree = "<group>";
		};
		009B94AA2ACDB71B00F73490 /* FashionApp */ = {
			isa = PBXGroup;
			children = (
				009B94AB2ACDB71B00F73490 /* FashionAppApp.swift */,
				009B94B92ACDCA9800F73490 /* Models */,
				009B94BC2ACDCAC000F73490 /* Views */,
				009B94AF2ACDB71C00F73490 /* Assets.xcassets */,
				009B94B12ACDB71C00F73490 /* Preview Content */,
			);
			path = FashionApp;
			sourceTree = "<group>";
		};
		009B94B12ACDB71C00F73490 /* Preview Content */ = {
			isa = PBXGroup;
			children = (
				009B94B22ACDB71C00F73490 /* Preview Assets.xcassets */,
			);
			path = "Preview Content";
			sourceTree = "<group>";
		};
		009B94B92ACDCA9800F73490 /* Models */ = {
			isa = PBXGroup;
			children = (
				009B94BA2ACDCAB400F73490 /* FashionModels.swift */,
			);
			path = Models;
			sourceTree = "<group>";
		};
		009B94BC2ACDCAC000F73490 /* Views */ = {
			isa = PBXGroup;
			children = (
				009B94AD2ACDB71B00F73490 /* ContentView.swift */,
				001A0F1C2ACF0E5500E82380 /* DetailScroll.swift */,
				001A0F1E2ACF0ECC00E82380 /* MainView.swift */,
				00C1E3B22AD02654006D6B5E /* DetailView.swift */,
			);
			path = Views;
			sourceTree = "<group>";
		};
/* End PBXGroup section */

/* Begin PBXNativeTarget section */
		009B94A72ACDB71B00F73490 /* FashionApp */ = {
			isa = PBXNativeTarget;
			buildConfigurationList = 009B94B62ACDB71C00F73490 /* Build configuration list for PBXNativeTarget "FashionApp" */;
			buildPhases = (
				009B94A42ACDB71B00F73490 /* Sources */,
				009B94A52ACDB71B00F73490 /* Frameworks */,
				009B94A62ACDB71B00F73490 /* Resources */,
			);
			buildRules = (
			);
			dependencies = (
			);
			name = FashionApp;
			productName = FashionApp;
			productReference = 009B94A82ACDB71B00F73490 /* FashionApp.app */;
			productType = "com.apple.product-type.application";
		};
/* End PBXNativeTarget section */

/* Begin PBXProject section */
		009B94A02ACDB71B00F73490 /* Project object */ = {
			isa = PBXProject;
			attributes = {
				BuildIndependentTargetsInParallel = 1;
				LastSwiftUpdateCheck = 1430;
				LastUpgradeCheck = 1430;
				TargetAttributes = {
					009B94A72ACDB71B00F73490 = {
						CreatedOnToolsVersion = 14.3.1;
					};
				};
			};
			buildConfigurationList = 009B94A32ACDB71B00F73490 /* Build configuration list for PBXProject "FashionApp" */;
			compatibilityVersion = "Xcode 14.0";
			developmentRegion = en;
			hasScannedForEncodings = 0;
			knownRegions = (
				en,
				Base,
			);
			mainGroup = 009B949F2ACDB71B00F73490;
			productRefGroup = 009B94A92ACDB71B00F73490 /* Products */;
			projectDirPath = "";
			projectRoot = "";
			targets = (
				009B94A72ACDB71B00F73490 /* FashionApp */,
			);
		};
/* End PBXProject section */

/* Begin PBXResourcesBuildPhase section */
		009B94A62ACDB71B00F73490 /* Resources */ = {
			isa = PBXResourcesBuildPhase;
			buildActionMask = 2147483647;
			files = (
				009B94B32ACDB71C00F73490 /* Preview Assets.xcassets in Resources */,
				009B94B02ACDB71C00F73490 /* Assets.xcassets in Resources */,
			);
			runOnlyForDeploymentPostprocessing = 0;
		};
/* End PBXResourcesBuildPhase section */

/* Begin PBXSourcesBuildPhase section */
		009B94A42ACDB71B00F73490 /* Sources */ = {
			isa = PBXSourcesBuildPhase;
			buildActionMask = 2147483647;
			files = (
				009B94AE2ACDB71B00F73490 /* ContentView.swift in Sources */,
				00C1E3B32AD02654006D6B5E /* DetailView.swift in Sources */,
				001A0F1D2ACF0E5500E82380 /* DetailScroll.swift in Sources */,
				009B94BB2ACDCAB400F73490 /* FashionModels.swift in Sources */,
				001A0F1F2ACF0ECC00E82380 /* MainView.swift in Sources */,
				009B94AC2ACDB71B00F73490 /* FashionAppApp.swift in Sources */,
			);
			runOnlyForDeploymentPostprocessing = 0;
		};
/* End PBXSourcesBuildPhase section */

/* Begin XCBuildConfiguration section */
		009B94B42ACDB71C00F73490 /* Debug */ = {
			isa = XCBuildConfiguration;
			buildSettings = {
				ALWAYS_SEARCH_USER_PATHS = NO;
				CLANG_ANALYZER_NONNULL = YES;
				CLANG_ANALYZER_NUMBER_OBJECT_CONVERSION = YES_AGGRESSIVE;
				CLANG_CXX_LANGUAGE_STANDARD = "gnu++20";
				CLANG_ENABLE_MODULES = YES;
				CLANG_ENABLE_OBJC_ARC = YES;
				CLANG_ENABLE_OBJC_WEAK = YES;
				CLANG_WARN_BLOCK_CAPTURE_AUTORELEASING = YES;
				CLANG_WARN_BOOL_CONVERSION = YES;
				CLANG_WARN_COMMA = YES;
				CLANG_WARN_CONSTANT_CONVERSION = YES;
				CLANG_WARN_DEPRECATED_OBJC_IMPLEMENTATIONS = YES;
				CLANG_WARN_DIRECT_OBJC_ISA_USAGE = YES_ERROR;
				CLANG_WARN_DOCUMENTATION_COMMENTS = YES;
				CLANG_WARN_EMPTY_BODY = YES;
				CLANG_WARN_ENUM_CONVERSION = YES;
				CLANG_WARN_INFINITE_RECURSION = YES;
				CLANG_WARN_INT_CONVERSION = YES;
				CLANG_WARN_NON_LITERAL_NULL_CONVERSION = YES;
				CLANG_WARN_OBJC_IMPLICIT_RETAIN_SELF = YES;
				CLANG_WARN_OBJC_LITERAL_CONVERSION = YES;
				CLANG_WARN_OBJC_ROOT_CLASS = YES_ERROR;
				CLANG_WARN_QUOTED_INCLUDE_IN_FRAMEWORK_HEADER = YES;
				CLANG_WARN_RANGE_LOOP_ANALYSIS = YES;
				CLANG_WARN_STRICT_PROTOTYPES = YES;
				CLANG_WARN_SUSPICIOUS_MOVE = YES;
				CLANG_WARN_UNGUARDED_AVAILABILITY = YES_AGGRESSIVE;
				CLANG_WARN_UNREACHABLE_CODE = YES;
				CLANG_WARN__DUPLICATE_METHOD_MATCH = YES;
				COPY_PHASE_STRIP = NO;
				DEBUG_INFORMATION_FORMAT = dwarf;
				ENABLE_STRICT_OBJC_MSGSEND = YES;
				ENABLE_TESTABILITY = YES;
				GCC_C_LANGUAGE_STANDARD = gnu11;
				GCC_DYNAMIC_NO_PIC = NO;
				GCC_NO_COMMON_BLOCKS = YES;
				GCC_OPTIMIZATION_LEVEL = 0;
				GCC_PREPROCESSOR_DEFINITIONS = (
					"DEBUG=1",
					"$(inherited)",
				);
				GCC_WARN_64_TO_32_BIT_CONVERSION = YES;
				GCC_WARN_ABOUT_RETURN_TYPE = YES_ERROR;
				GCC_WARN_UNDECLARED_SELECTOR = YES;
				GCC_WARN_UNINITIALIZED_AUTOS = YES_AGGRESSIVE;
				GCC_WARN_UNUSED_FUNCTION = YES;
				GCC_WARN_UNUSED_VARIABLE = YES;
				IPHONEOS_DEPLOYMENT_TARGET = 16.4;
				MTL_ENABLE_DEBUG_INFO = INCLUDE_SOURCE;
				MTL_FAST_MATH = YES;
				ONLY_ACTIVE_ARCH = YES;
				SDKROOT = iphoneos;
				SWIFT_ACTIVE_COMPILATION_CONDITIONS = DEBUG;
				SWIFT_OPTIMIZATION_LEVEL = "-Onone";
			};
			name = Debug;
		};
		009B94B52ACDB71C00F73490 /* Release */ = {
			isa = XCBuildConfiguration;
			buildSettings = {
				ALWAYS_SEARCH_USER_PATHS = NO;
				CLANG_ANALYZER_NONNULL = YES;
				CLANG_ANALYZER_NUMBER_OBJECT_CONVERSION = YES_AGGRESSIVE;
				CLANG_CXX_LANGUAGE_STANDARD = "gnu++20";
				CLANG_ENABLE_MODULES = YES;
				CLANG_ENABLE_OBJC_ARC = YES;
				CLANG_ENABLE_OBJC_WEAK = YES;
				CLANG_WARN_BLOCK_CAPTURE_AUTORELEASING = YES;
				CLANG_WARN_BOOL_CONVERSION = YES;
				CLANG_WARN_COMMA = YES;
				CLANG_WARN_CONSTANT_CONVERSION = YES;
				CLANG_WARN_DEPRECATED_OBJC_IMPLEMENTATIONS = YES;
				CLANG_WARN_DIRECT_OBJC_ISA_USAGE = YES_ERROR;
				CLANG_WARN_DOCUMENTATION_COMMENTS = YES;
				CLANG_WARN_EMPTY_BODY = YES;
				CLANG_WARN_ENUM_CONVERSION = YES;
				CLANG_WARN_INFINITE_RECURSION = YES;
				CLANG_WARN_INT_CONVERSION = YES;
				CLANG_WARN_NON_LITERAL_NULL_CONVERSION = YES;
				CLANG_WARN_OBJC_IMPLICIT_RETAIN_SELF = YES;
				CLANG_WARN_OBJC_LITERAL_CONVERSION = YES;
				CLANG_WARN_OBJC_ROOT_CLASS = YES_ERROR;
				CLANG_WARN_QUOTED_INCLUDE_IN_FRAMEWORK_HEADER = YES;
				CLANG_WARN_RANGE_LOOP_ANALYSIS = YES;
				CLANG_WARN_STRICT_PROTOTYPES = YES;
				CLANG_WARN_SUSPICIOUS_MOVE = YES;
				CLANG_WARN_UNGUARDED_AVAILABILITY = YES_AGGRESSIVE;
				CLANG_WARN_UNREACHABLE_CODE = YES;
				CLANG_WARN__DUPLICATE_METHOD_MATCH = YES;
				COPY_PHASE_STRIP = NO;
				DEBUG_INFORMATION_FORMAT = "dwarf-with-dsym";
				ENABLE_NS_ASSERTIONS = NO;
				ENABLE_STRICT_OBJC_MSGSEND = YES;
				GCC_C_LANGUAGE_STANDARD = gnu11;
				GCC_NO_COMMON_BLOCKS = YES;
				GCC_WARN_64_TO_32_BIT_CONVERSION = YES;
				GCC_WARN_ABOUT_RETURN_TYPE = YES_ERROR;
				GCC_WARN_UNDECLARED_SELECTOR = YES;
				GCC_WARN_UNINITIALIZED_AUTOS = YES_AGGRESSIVE;
				GCC_WARN_UNUSED_FUNCTION = YES;
				GCC_WARN_UNUSED_VARIABLE = YES;
				IPHONEOS_DEPLOYMENT_TARGET = 16.4;
				MTL_ENABLE_DEBUG_INFO = NO;
				MTL_FAST_MATH = YES;
				SDKROOT = iphoneos;
				SWIFT_COMPILATION_MODE = wholemodule;
				SWIFT_OPTIMIZATION_LEVEL = "-O";
				VALIDATE_PRODUCT = YES;
			};
			name = Release;
		};
		009B94B72ACDB71C00F73490 /* Debug */ = {
			isa = XCBuildConfiguration;
			buildSettings = {
				ASSETCATALOG_COMPILER_APPICON_NAME = AppIcon;
				ASSETCATALOG_COMPILER_GLOBAL_ACCENT_COLOR_NAME = AccentColor;
				CODE_SIGN_STYLE = Automatic;
				CURRENT_PROJECT_VERSION = 1;
				DEVELOPMENT_ASSET_PATHS = "\"FashionApp/Preview Content\"";
				ENABLE_PREVIEWS = YES;
				GENERATE_INFOPLIST_FILE = YES;
				INFOPLIST_KEY_UIApplicationSceneManifest_Generation = YES;
				INFOPLIST_KEY_UIApplicationSupportsIndirectInputEvents = YES;
				INFOPLIST_KEY_UILaunchScreen_Generation = YES;
				INFOPLIST_KEY_UISupportedInterfaceOrientations_iPad = "UIInterfaceOrientationPortrait UIInterfaceOrientationPortraitUpsideDown UIInterfaceOrientationLandscapeLeft UIInterfaceOrientationLandscapeRight";
				INFOPLIST_KEY_UISupportedInterfaceOrientations_iPhone = "UIInterfaceOrientationPortrait UIInterfaceOrientationLandscapeLeft UIInterfaceOrientationLandscapeRight";
				LD_RUNPATH_SEARCH_PATHS = (
					"$(inherited)",
					"@executable_path/Frameworks",
				);
				MARKETING_VERSION = 1.0;
				PRODUCT_BUNDLE_IDENTIFIER = com.ahmedfathy.FashionApp;
				PRODUCT_NAME = "$(TARGET_NAME)";
				SWIFT_EMIT_LOC_STRINGS = YES;
				SWIFT_VERSION = 5.0;
				TARGETED_DEVICE_FAMILY = "1,2";
			};
			name = Debug;
		};
		009B94B82ACDB71C00F73490 /* Release */ = {
			isa = XCBuildConfiguration;
			buildSettings = {
				ASSETCATALOG_COMPILER_APPICON_NAME = AppIcon;
				ASSETCATALOG_COMPILER_GLOBAL_ACCENT_COLOR_NAME = AccentColor;
				CODE_SIGN_STYLE = Automatic;
				CURRENT_PROJECT_VERSION = 1;
				DEVELOPMENT_ASSET_PATHS = "\"FashionApp/Preview Content\"";
				ENABLE_PREVIEWS = YES;
				GENERATE_INFOPLIST_FILE = YES;
				INFOPLIST_KEY_UIApplicationSceneManifest_Generation = YES;
				INFOPLIST_KEY_UIApplicationSupportsIndirectInputEvents = YES;
				INFOPLIST_KEY_UILaunchScreen_Generation = YES;
				INFOPLIST_KEY_UISupportedInterfaceOrientations_iPad = "UIInterfaceOrientationPortrait UIInterfaceOrientationPortraitUpsideDown UIInterfaceOrientationLandscapeLeft UIInterfaceOrientationLandscapeRight";
				INFOPLIST_KEY_UISupportedInterfaceOrientations_iPhone = "UIInterfaceOrientationPortrait UIInterfaceOrientationLandscapeLeft UIInterfaceOrientationLandscapeRight";
				LD_RUNPATH_SEARCH_PATHS = (
					"$(inherited)",
					"@executable_path/Frameworks",
				);
				MARKETING_VERSION = 1.0;
				PRODUCT_BUNDLE_IDENTIFIER = com.ahmedfathy.FashionApp;
				PRODUCT_NAME = "$(TARGET_NAME)";
				SWIFT_EMIT_LOC_STRINGS = YES;
				SWIFT_VERSION = 5.0;
				TARGETED_DEVICE_FAMILY = "1,2";
			};
			name = Release;
		};
/* End XCBuildConfiguration section */

/* Begin XCConfigurationList section */
		009B94A32ACDB71B00F73490 /* Build configuration list for PBXProject "FashionApp" */ = {
			isa = XCConfigurationList;
			buildConfigurations = (
				009B94B42ACDB71C00F73490 /* Debug */,
				009B94B52ACDB71C00F73490 /* Release */,
			);
			defaultConfigurationIsVisible = 0;
			defaultConfigurationName = Release;
		};
		009B94B62ACDB71C00F73490 /* Build configuration list for PBXNativeTarget "FashionApp" */ = {
			isa = XCConfigurationList;
			buildConfigurations = (
				009B94B72ACDB71C00F73490 /* Debug */,
				009B94B82ACDB71C00F73490 /* Release */,
			);
			defaultConfigurationIsVisible = 0;
			defaultConfigurationName = Release;
		};
/* End XCConfigurationList section */
	};
	rootObject = 009B94A02ACDB71B00F73490 /* Project object */;
}
